
Microsoft Visual Studio Solution File, Format Version 12.00
# Visual Studio Version 17
VisualStudioVersion = 17.0.31903.59
MinimumVisualStudioVersion = 10.0.40219.1
Project("{2150E333-8FDC-42A3-9474-1A3956D46DE8}") = "src", "src", "{827E0CD3-B72D-47B6-A68D-7590B98EB39B}"
EndProject
Project("{2150E333-8FDC-42A3-9474-1A3956D46DE8}") = "BuildingBlocks", "BuildingBlocks", "{90298CBA-BD6F-3A0A-69D5-97CAD7B05E7E}"
EndProject
Project("{FAE04EC0-301F-11D3-BF4B-00C04F79EFBC}") = "SharedKernel", "src\BuildingBlocks\SharedKernel\SharedKernel.csproj", "{0CB2C095-9386-49D1-9AB4-BF39F0A73C6B}"
EndProject
Project("{2150E333-8FDC-42A3-9474-1A3956D46DE8}") = "Services", "Services", "{984BB9B3-3FA3-BE33-9484-CAC21695A33C}"
EndProject
Project("{2150E333-8FDC-42A3-9474-1A3956D46DE8}") = "Events", "Events", "{D4D2386B-2EB3-B123-B9A2-A224B8047731}"
EndProject
Project("{2150E333-8FDC-42A3-9474-1A3956D46DE8}") = "Orders", "Orders", "{53A5E032-9A5F-5C5F-4C24-3FD98F4CF9B3}"
EndProject
Project("{FAE04EC0-301F-11D3-BF4B-00C04F79EFBC}") = "TicketSalesPlatform.Orders.Domain", "src\Services\Orders\Orders.Domain\TicketSalesPlatform.Orders.Domain.csproj", "{FB405307-629A-42B4-B53B-170A5D68CF7C}"
EndProject
Project("{FAE04EC0-301F-11D3-BF4B-00C04F79EFBC}") = "TicketSalesPlatform.Orders.Application", "src\Services\Orders\Orders.Application\TicketSalesPlatform.Orders.Application.csproj", "{805560DA-F5D9-445A-95B9-49B5F96A0B80}"
EndProject
Project("{FAE04EC0-301F-11D3-BF4B-00C04F79EFBC}") = "TicketSalesPlatform.Orders.Infrastructure", "src\Services\Orders\Orders.Infrastructure\TicketSalesPlatform.Orders.Infrastructure.csproj", "{62C20494-F864-4B7C-BC20-E421113993E6}"
EndProject
Project("{FAE04EC0-301F-11D3-BF4B-00C04F79EFBC}") = "TicketSalesPlatform.Orders.Api", "src\Services\Orders\Orders.Api\TicketSalesPlatform.Orders.Api.csproj", "{83FFE535-B225-402B-B854-79050A2F6623}"
EndProject
Project("{2150E333-8FDC-42A3-9474-1A3956D46DE8}") = "tests", "tests", "{0AB3BF05-4346-4AA6-1389-037BE0695223}"
EndProject
Project("{FAE04EC0-301F-11D3-BF4B-00C04F79EFBC}") = "Events.Domain.Tests", "tests\Events.Domain.Tests\Events.Domain.Tests.csproj", "{DBBA5388-65C6-43AC-A12C-29CB128BB8E1}"
EndProject
Project("{FAE04EC0-301F-11D3-BF4B-00C04F79EFBC}") = "TicketSalesPlatform.Events.Api", "src\Services\Events\Events.Api\TicketSalesPlatform.Events.Api.csproj", "{96075C5E-E919-76D8-54BC-081064D0E403}"
EndProject
Project("{FAE04EC0-301F-11D3-BF4B-00C04F79EFBC}") = "TicketSalesPlatform.Events.Application", "src\Services\Events\Events.Application\TicketSalesPlatform.Events.Application.csproj", "{1337AC62-7115-32D0-BFB5-F63AD1A6E2FD}"
EndProject
Project("{FAE04EC0-301F-11D3-BF4B-00C04F79EFBC}") = "TicketSalesPlatform.Events.Domain", "src\Services\Events\Events.Domain\TicketSalesPlatform.Events.Domain.csproj", "{2E8806C6-384A-0D7E-E138-74A2433BE49B}"
EndProject
Project("{FAE04EC0-301F-11D3-BF4B-00C04F79EFBC}") = "TicketSalesPlatform.Events.Infrastructure", "src\Services\Events\Events.Infrastructure\TicketSalesPlatform.Events.Infrastructure.csproj", "{38AF1F19-588A-5088-FF36-4E554FF50A71}"
EndProject
Project("{FAE04EC0-301F-11D3-BF4B-00C04F79EFBC}") = "Orders.Domain.Tests", "tests\Orders.Domain.Tests\Orders.Domain.Tests.csproj", "{45C8AE02-610E-49E3-9F73-9BFFC6BBB74D}"
EndProject
Project("{2150E333-8FDC-42A3-9474-1A3956D46DE8}") = "Identity", "Identity", "{1BFC9479-12BF-35C3-06B8-42D89D95092B}"
EndProject
Project("{2150E333-8FDC-42A3-9474-1A3956D46DE8}") = "ApiGateway", "ApiGateway", "{FCA01246-F2C6-0AA7-D43F-FD13BE0B9D88}"
EndProject
Project("{FAE04EC0-301F-11D3-BF4B-00C04F79EFBC}") = "TicketSalesPlatform.ApiGateway", "src\ApiGateway\TicketSalesPlatform.ApiGateway.csproj", "{48494508-2851-469B-8899-37091362DF38}"
EndProject
Project("{2150E333-8FDC-42A3-9474-1A3956D46DE8}") = "Notifications", "Notifications", "{40B59F69-022F-A9EE-E3B7-096C1E81294B}"
EndProject
Project("{FAE04EC0-301F-11D3-BF4B-00C04F79EFBC}") = "TicketSalesPlatform.Notifications.Api", "src\Services\Notifications\TicketSalesPlatform.Notifications.Api.csproj", "{BC6E4268-33F5-4F65-AF4A-7AB043A8C310}"
EndProject
Project("{E53339B2-1760-4266-BCC7-CA923CBCF16C}") = "docker-compose", "docker-compose.dcproj", "{81DDED9D-158B-E303-5F62-77A2896D2A5A}"
EndProject
Project("{2150E333-8FDC-42A3-9474-1A3956D46DE8}") = "Inventory", "Inventory", "{CA15E31E-CB60-F235-5CDF-2E527A86A72C}"
EndProject
Project("{FAE04EC0-301F-11D3-BF4B-00C04F79EFBC}") = "TicketSalesPlatform.Inventory.Api", "src\Services\Inventory\Inventory.Api\TicketSalesPlatform.Inventory.Api.csproj", "{F9EA1CC0-7438-40CB-A4D0-B048DF32D097}"
EndProject
Project("{2150E333-8FDC-42A3-9474-1A3956D46DE8}") = "Payments", "Payments", "{5D0AC027-C8EE-3244-A029-36278C99F1B8}"
EndProject
Project("{FAE04EC0-301F-11D3-BF4B-00C04F79EFBC}") = "TicketSalesPlatform.Payments.Api", "src\Services\Payments\Payments.Api\TicketSalesPlatform.Payments.Api.csproj", "{886BF3DB-855B-497E-A6FC-A8E86CE0F855}"
EndProject
Project("{FAE04EC0-301F-11D3-BF4B-00C04F79EFBC}") = "TicketSalesPlatform.Contracts", "src\BuildingBlocks\Contracts\TicketSalesPlatform.Contracts.csproj", "{63E9EB5B-F177-70CF-B2C7-40E4D07D1FDD}"
EndProject
Project("{FAE04EC0-301F-11D3-BF4B-00C04F79EFBC}") = "TicketSalesPlatform.Identity.Api", "src\Services\Identity\Identity.Api\TicketSalesPlatform.Identity.Api.csproj", "{1FA4C7E4-B4AC-8235-A7E6-D6DDFA37CF94}"
EndProject
Global
	GlobalSection(SolutionConfigurationPlatforms) = preSolution
		Debug|Any CPU = Debug|Any CPU
		Debug|x64 = Debug|x64
		Debug|x86 = Debug|x86
		Release|Any CPU = Release|Any CPU
		Release|x64 = Release|x64
		Release|x86 = Release|x86
	EndGlobalSection
	GlobalSection(ProjectConfigurationPlatforms) = postSolution
		{0CB2C095-9386-49D1-9AB4-BF39F0A73C6B}.Debug|Any CPU.ActiveCfg = Debug|Any CPU
		{0CB2C095-9386-49D1-9AB4-BF39F0A73C6B}.Debug|Any CPU.Build.0 = Debug|Any CPU
		{0CB2C095-9386-49D1-9AB4-BF39F0A73C6B}.Debug|x64.ActiveCfg = Debug|Any CPU
		{0CB2C095-9386-49D1-9AB4-BF39F0A73C6B}.Debug|x64.Build.0 = Debug|Any CPU
		{0CB2C095-9386-49D1-9AB4-BF39F0A73C6B}.Debug|x86.ActiveCfg = Debug|Any CPU
		{0CB2C095-9386-49D1-9AB4-BF39F0A73C6B}.Debug|x86.Build.0 = Debug|Any CPU
		{0CB2C095-9386-49D1-9AB4-BF39F0A73C6B}.Release|Any CPU.ActiveCfg = Release|Any CPU
		{0CB2C095-9386-49D1-9AB4-BF39F0A73C6B}.Release|Any CPU.Build.0 = Release|Any CPU
		{0CB2C095-9386-49D1-9AB4-BF39F0A73C6B}.Release|x64.ActiveCfg = Release|Any CPU
		{0CB2C095-9386-49D1-9AB4-BF39F0A73C6B}.Release|x64.Build.0 = Release|Any CPU
		{0CB2C095-9386-49D1-9AB4-BF39F0A73C6B}.Release|x86.ActiveCfg = Release|Any CPU
		{0CB2C095-9386-49D1-9AB4-BF39F0A73C6B}.Release|x86.Build.0 = Release|Any CPU
		{FB405307-629A-42B4-B53B-170A5D68CF7C}.Debug|Any CPU.ActiveCfg = Debug|Any CPU
		{FB405307-629A-42B4-B53B-170A5D68CF7C}.Debug|Any CPU.Build.0 = Debug|Any CPU
		{FB405307-629A-42B4-B53B-170A5D68CF7C}.Debug|x64.ActiveCfg = Debug|Any CPU
		{FB405307-629A-42B4-B53B-170A5D68CF7C}.Debug|x64.Build.0 = Debug|Any CPU
		{FB405307-629A-42B4-B53B-170A5D68CF7C}.Debug|x86.ActiveCfg = Debug|Any CPU
		{FB405307-629A-42B4-B53B-170A5D68CF7C}.Debug|x86.Build.0 = Debug|Any CPU
		{FB405307-629A-42B4-B53B-170A5D68CF7C}.Release|Any CPU.ActiveCfg = Release|Any CPU
		{FB405307-629A-42B4-B53B-170A5D68CF7C}.Release|Any CPU.Build.0 = Release|Any CPU
		{FB405307-629A-42B4-B53B-170A5D68CF7C}.Release|x64.ActiveCfg = Release|Any CPU
		{FB405307-629A-42B4-B53B-170A5D68CF7C}.Release|x64.Build.0 = Release|Any CPU
		{FB405307-629A-42B4-B53B-170A5D68CF7C}.Release|x86.ActiveCfg = Release|Any CPU
		{FB405307-629A-42B4-B53B-170A5D68CF7C}.Release|x86.Build.0 = Release|Any CPU
		{805560DA-F5D9-445A-95B9-49B5F96A0B80}.Debug|Any CPU.ActiveCfg = Debug|Any CPU
		{805560DA-F5D9-445A-95B9-49B5F96A0B80}.Debug|Any CPU.Build.0 = Debug|Any CPU
		{805560DA-F5D9-445A-95B9-49B5F96A0B80}.Debug|x64.ActiveCfg = Debug|Any CPU
		{805560DA-F5D9-445A-95B9-49B5F96A0B80}.Debug|x64.Build.0 = Debug|Any CPU
		{805560DA-F5D9-445A-95B9-49B5F96A0B80}.Debug|x86.ActiveCfg = Debug|Any CPU
		{805560DA-F5D9-445A-95B9-49B5F96A0B80}.Debug|x86.Build.0 = Debug|Any CPU
		{805560DA-F5D9-445A-95B9-49B5F96A0B80}.Release|Any CPU.ActiveCfg = Release|Any CPU
		{805560DA-F5D9-445A-95B9-49B5F96A0B80}.Release|Any CPU.Build.0 = Release|Any CPU
		{805560DA-F5D9-445A-95B9-49B5F96A0B80}.Release|x64.ActiveCfg = Release|Any CPU
		{805560DA-F5D9-445A-95B9-49B5F96A0B80}.Release|x64.Build.0 = Release|Any CPU
		{805560DA-F5D9-445A-95B9-49B5F96A0B80}.Release|x86.ActiveCfg = Release|Any CPU
		{805560DA-F5D9-445A-95B9-49B5F96A0B80}.Release|x86.Build.0 = Release|Any CPU
		{62C20494-F864-4B7C-BC20-E421113993E6}.Debug|Any CPU.ActiveCfg = Debug|Any CPU
		{62C20494-F864-4B7C-BC20-E421113993E6}.Debug|Any CPU.Build.0 = Debug|Any CPU
		{62C20494-F864-4B7C-BC20-E421113993E6}.Debug|x64.ActiveCfg = Debug|Any CPU
		{62C20494-F864-4B7C-BC20-E421113993E6}.Debug|x64.Build.0 = Debug|Any CPU
		{62C20494-F864-4B7C-BC20-E421113993E6}.Debug|x86.ActiveCfg = Debug|Any CPU
		{62C20494-F864-4B7C-BC20-E421113993E6}.Debug|x86.Build.0 = Debug|Any CPU
		{62C20494-F864-4B7C-BC20-E421113993E6}.Release|Any CPU.ActiveCfg = Release|Any CPU
		{62C20494-F864-4B7C-BC20-E421113993E6}.Release|Any CPU.Build.0 = Release|Any CPU
		{62C20494-F864-4B7C-BC20-E421113993E6}.Release|x64.ActiveCfg = Release|Any CPU
		{62C20494-F864-4B7C-BC20-E421113993E6}.Release|x64.Build.0 = Release|Any CPU
		{62C20494-F864-4B7C-BC20-E421113993E6}.Release|x86.ActiveCfg = Release|Any CPU
		{62C20494-F864-4B7C-BC20-E421113993E6}.Release|x86.Build.0 = Release|Any CPU
		{83FFE535-B225-402B-B854-79050A2F6623}.Debug|Any CPU.ActiveCfg = Debug|Any CPU
		{83FFE535-B225-402B-B854-79050A2F6623}.Debug|Any CPU.Build.0 = Debug|Any CPU
		{83FFE535-B225-402B-B854-79050A2F6623}.Debug|x64.ActiveCfg = Debug|Any CPU
		{83FFE535-B225-402B-B854-79050A2F6623}.Debug|x64.Build.0 = Debug|Any CPU
		{83FFE535-B225-402B-B854-79050A2F6623}.Debug|x86.ActiveCfg = Debug|Any CPU
		{83FFE535-B225-402B-B854-79050A2F6623}.Debug|x86.Build.0 = Debug|Any CPU
		{83FFE535-B225-402B-B854-79050A2F6623}.Release|Any CPU.ActiveCfg = Release|Any CPU
		{83FFE535-B225-402B-B854-79050A2F6623}.Release|Any CPU.Build.0 = Release|Any CPU
		{83FFE535-B225-402B-B854-79050A2F6623}.Release|x64.ActiveCfg = Release|Any CPU
		{83FFE535-B225-402B-B854-79050A2F6623}.Release|x64.Build.0 = Release|Any CPU
		{83FFE535-B225-402B-B854-79050A2F6623}.Release|x86.ActiveCfg = Release|Any CPU
		{83FFE535-B225-402B-B854-79050A2F6623}.Release|x86.Build.0 = Release|Any CPU
		{DBBA5388-65C6-43AC-A12C-29CB128BB8E1}.Debug|Any CPU.ActiveCfg = Debug|Any CPU
		{DBBA5388-65C6-43AC-A12C-29CB128BB8E1}.Debug|Any CPU.Build.0 = Debug|Any CPU
		{DBBA5388-65C6-43AC-A12C-29CB128BB8E1}.Debug|x64.ActiveCfg = Debug|Any CPU
		{DBBA5388-65C6-43AC-A12C-29CB128BB8E1}.Debug|x64.Build.0 = Debug|Any CPU
		{DBBA5388-65C6-43AC-A12C-29CB128BB8E1}.Debug|x86.ActiveCfg = Debug|Any CPU
		{DBBA5388-65C6-43AC-A12C-29CB128BB8E1}.Debug|x86.Build.0 = Debug|Any CPU
		{DBBA5388-65C6-43AC-A12C-29CB128BB8E1}.Release|Any CPU.ActiveCfg = Release|Any CPU
		{DBBA5388-65C6-43AC-A12C-29CB128BB8E1}.Release|Any CPU.Build.0 = Release|Any CPU
		{DBBA5388-65C6-43AC-A12C-29CB128BB8E1}.Release|x64.ActiveCfg = Release|Any CPU
		{DBBA5388-65C6-43AC-A12C-29CB128BB8E1}.Release|x64.Build.0 = Release|Any CPU
		{DBBA5388-65C6-43AC-A12C-29CB128BB8E1}.Release|x86.ActiveCfg = Release|Any CPU
		{DBBA5388-65C6-43AC-A12C-29CB128BB8E1}.Release|x86.Build.0 = Release|Any CPU
		{96075C5E-E919-76D8-54BC-081064D0E403}.Debug|Any CPU.ActiveCfg = Debug|Any CPU
		{96075C5E-E919-76D8-54BC-081064D0E403}.Debug|Any CPU.Build.0 = Debug|Any CPU
		{96075C5E-E919-76D8-54BC-081064D0E403}.Debug|x64.ActiveCfg = Debug|Any CPU
		{96075C5E-E919-76D8-54BC-081064D0E403}.Debug|x64.Build.0 = Debug|Any CPU
		{96075C5E-E919-76D8-54BC-081064D0E403}.Debug|x86.ActiveCfg = Debug|Any CPU
		{96075C5E-E919-76D8-54BC-081064D0E403}.Debug|x86.Build.0 = Debug|Any CPU
		{96075C5E-E919-76D8-54BC-081064D0E403}.Release|Any CPU.ActiveCfg = Release|Any CPU
		{96075C5E-E919-76D8-54BC-081064D0E403}.Release|Any CPU.Build.0 = Release|Any CPU
		{96075C5E-E919-76D8-54BC-081064D0E403}.Release|x64.ActiveCfg = Release|Any CPU
		{96075C5E-E919-76D8-54BC-081064D0E403}.Release|x64.Build.0 = Release|Any CPU
		{96075C5E-E919-76D8-54BC-081064D0E403}.Release|x86.ActiveCfg = Release|Any CPU
		{96075C5E-E919-76D8-54BC-081064D0E403}.Release|x86.Build.0 = Release|Any CPU
		{1337AC62-7115-32D0-BFB5-F63AD1A6E2FD}.Debug|Any CPU.ActiveCfg = Debug|Any CPU
		{1337AC62-7115-32D0-BFB5-F63AD1A6E2FD}.Debug|Any CPU.Build.0 = Debug|Any CPU
		{1337AC62-7115-32D0-BFB5-F63AD1A6E2FD}.Debug|x64.ActiveCfg = Debug|Any CPU
		{1337AC62-7115-32D0-BFB5-F63AD1A6E2FD}.Debug|x64.Build.0 = Debug|Any CPU
		{1337AC62-7115-32D0-BFB5-F63AD1A6E2FD}.Debug|x86.ActiveCfg = Debug|Any CPU
		{1337AC62-7115-32D0-BFB5-F63AD1A6E2FD}.Debug|x86.Build.0 = Debug|Any CPU
		{1337AC62-7115-32D0-BFB5-F63AD1A6E2FD}.Release|Any CPU.ActiveCfg = Release|Any CPU
		{1337AC62-7115-32D0-BFB5-F63AD1A6E2FD}.Release|Any CPU.Build.0 = Release|Any CPU
		{1337AC62-7115-32D0-BFB5-F63AD1A6E2FD}.Release|x64.ActiveCfg = Release|Any CPU
		{1337AC62-7115-32D0-BFB5-F63AD1A6E2FD}.Release|x64.Build.0 = Release|Any CPU
		{1337AC62-7115-32D0-BFB5-F63AD1A6E2FD}.Release|x86.ActiveCfg = Release|Any CPU
		{1337AC62-7115-32D0-BFB5-F63AD1A6E2FD}.Release|x86.Build.0 = Release|Any CPU
		{2E8806C6-384A-0D7E-E138-74A2433BE49B}.Debug|Any CPU.ActiveCfg = Debug|Any CPU
		{2E8806C6-384A-0D7E-E138-74A2433BE49B}.Debug|Any CPU.Build.0 = Debug|Any CPU
		{2E8806C6-384A-0D7E-E138-74A2433BE49B}.Debug|x64.ActiveCfg = Debug|Any CPU
		{2E8806C6-384A-0D7E-E138-74A2433BE49B}.Debug|x64.Build.0 = Debug|Any CPU
		{2E8806C6-384A-0D7E-E138-74A2433BE49B}.Debug|x86.ActiveCfg = Debug|Any CPU
		{2E8806C6-384A-0D7E-E138-74A2433BE49B}.Debug|x86.Build.0 = Debug|Any CPU
		{2E8806C6-384A-0D7E-E138-74A2433BE49B}.Release|Any CPU.ActiveCfg = Release|Any CPU
		{2E8806C6-384A-0D7E-E138-74A2433BE49B}.Release|Any CPU.Build.0 = Release|Any CPU
		{2E8806C6-384A-0D7E-E138-74A2433BE49B}.Release|x64.ActiveCfg = Release|Any CPU
		{2E8806C6-384A-0D7E-E138-74A2433BE49B}.Release|x64.Build.0 = Release|Any CPU
		{2E8806C6-384A-0D7E-E138-74A2433BE49B}.Release|x86.ActiveCfg = Release|Any CPU
		{2E8806C6-384A-0D7E-E138-74A2433BE49B}.Release|x86.Build.0 = Release|Any CPU
		{38AF1F19-588A-5088-FF36-4E554FF50A71}.Debug|Any CPU.ActiveCfg = Debug|Any CPU
		{38AF1F19-588A-5088-FF36-4E554FF50A71}.Debug|Any CPU.Build.0 = Debug|Any CPU
		{38AF1F19-588A-5088-FF36-4E554FF50A71}.Debug|x64.ActiveCfg = Debug|Any CPU
		{38AF1F19-588A-5088-FF36-4E554FF50A71}.Debug|x64.Build.0 = Debug|Any CPU
		{38AF1F19-588A-5088-FF36-4E554FF50A71}.Debug|x86.ActiveCfg = Debug|Any CPU
		{38AF1F19-588A-5088-FF36-4E554FF50A71}.Debug|x86.Build.0 = Debug|Any CPU
		{38AF1F19-588A-5088-FF36-4E554FF50A71}.Release|Any CPU.ActiveCfg = Release|Any CPU
		{38AF1F19-588A-5088-FF36-4E554FF50A71}.Release|Any CPU.Build.0 = Release|Any CPU
		{38AF1F19-588A-5088-FF36-4E554FF50A71}.Release|x64.ActiveCfg = Release|Any CPU
		{38AF1F19-588A-5088-FF36-4E554FF50A71}.Release|x64.Build.0 = Release|Any CPU
		{38AF1F19-588A-5088-FF36-4E554FF50A71}.Release|x86.ActiveCfg = Release|Any CPU
		{38AF1F19-588A-5088-FF36-4E554FF50A71}.Release|x86.Build.0 = Release|Any CPU
		{45C8AE02-610E-49E3-9F73-9BFFC6BBB74D}.Debug|Any CPU.ActiveCfg = Debug|Any CPU
		{45C8AE02-610E-49E3-9F73-9BFFC6BBB74D}.Debug|Any CPU.Build.0 = Debug|Any CPU
		{45C8AE02-610E-49E3-9F73-9BFFC6BBB74D}.Debug|x64.ActiveCfg = Debug|Any CPU
		{45C8AE02-610E-49E3-9F73-9BFFC6BBB74D}.Debug|x64.Build.0 = Debug|Any CPU
		{45C8AE02-610E-49E3-9F73-9BFFC6BBB74D}.Debug|x86.ActiveCfg = Debug|Any CPU
		{45C8AE02-610E-49E3-9F73-9BFFC6BBB74D}.Debug|x86.Build.0 = Debug|Any CPU
		{45C8AE02-610E-49E3-9F73-9BFFC6BBB74D}.Release|Any CPU.ActiveCfg = Release|Any CPU
		{45C8AE02-610E-49E3-9F73-9BFFC6BBB74D}.Release|Any CPU.Build.0 = Release|Any CPU
		{45C8AE02-610E-49E3-9F73-9BFFC6BBB74D}.Release|x64.ActiveCfg = Release|Any CPU
		{45C8AE02-610E-49E3-9F73-9BFFC6BBB74D}.Release|x64.Build.0 = Release|Any CPU
		{45C8AE02-610E-49E3-9F73-9BFFC6BBB74D}.Release|x86.ActiveCfg = Release|Any CPU
		{45C8AE02-610E-49E3-9F73-9BFFC6BBB74D}.Release|x86.Build.0 = Release|Any CPU
		{48494508-2851-469B-8899-37091362DF38}.Debug|Any CPU.ActiveCfg = Debug|Any CPU
		{48494508-2851-469B-8899-37091362DF38}.Debug|Any CPU.Build.0 = Debug|Any CPU
		{48494508-2851-469B-8899-37091362DF38}.Debug|x64.ActiveCfg = Debug|Any CPU
		{48494508-2851-469B-8899-37091362DF38}.Debug|x64.Build.0 = Debug|Any CPU
		{48494508-2851-469B-8899-37091362DF38}.Debug|x86.ActiveCfg = Debug|Any CPU
		{48494508-2851-469B-8899-37091362DF38}.Debug|x86.Build.0 = Debug|Any CPU
		{48494508-2851-469B-8899-37091362DF38}.Release|Any CPU.ActiveCfg = Release|Any CPU
		{48494508-2851-469B-8899-37091362DF38}.Release|Any CPU.Build.0 = Release|Any CPU
		{48494508-2851-469B-8899-37091362DF38}.Release|x64.ActiveCfg = Release|Any CPU
		{48494508-2851-469B-8899-37091362DF38}.Release|x64.Build.0 = Release|Any CPU
		{48494508-2851-469B-8899-37091362DF38}.Release|x86.ActiveCfg = Release|Any CPU
		{48494508-2851-469B-8899-37091362DF38}.Release|x86.Build.0 = Release|Any CPU
		{BC6E4268-33F5-4F65-AF4A-7AB043A8C310}.Debug|Any CPU.ActiveCfg = Debug|Any CPU
		{BC6E4268-33F5-4F65-AF4A-7AB043A8C310}.Debug|Any CPU.Build.0 = Debug|Any CPU
		{BC6E4268-33F5-4F65-AF4A-7AB043A8C310}.Debug|x64.ActiveCfg = Debug|Any CPU
		{BC6E4268-33F5-4F65-AF4A-7AB043A8C310}.Debug|x64.Build.0 = Debug|Any CPU
		{BC6E4268-33F5-4F65-AF4A-7AB043A8C310}.Debug|x86.ActiveCfg = Debug|Any CPU
		{BC6E4268-33F5-4F65-AF4A-7AB043A8C310}.Debug|x86.Build.0 = Debug|Any CPU
		{BC6E4268-33F5-4F65-AF4A-7AB043A8C310}.Release|Any CPU.ActiveCfg = Release|Any CPU
		{BC6E4268-33F5-4F65-AF4A-7AB043A8C310}.Release|Any CPU.Build.0 = Release|Any CPU
		{BC6E4268-33F5-4F65-AF4A-7AB043A8C310}.Release|x64.ActiveCfg = Release|Any CPU
		{BC6E4268-33F5-4F65-AF4A-7AB043A8C310}.Release|x64.Build.0 = Release|Any CPU
		{BC6E4268-33F5-4F65-AF4A-7AB043A8C310}.Release|x86.ActiveCfg = Release|Any CPU
		{BC6E4268-33F5-4F65-AF4A-7AB043A8C310}.Release|x86.Build.0 = Release|Any CPU
		{81DDED9D-158B-E303-5F62-77A2896D2A5A}.Debug|Any CPU.ActiveCfg = Debug|Any CPU
		{81DDED9D-158B-E303-5F62-77A2896D2A5A}.Debug|Any CPU.Build.0 = Debug|Any CPU
		{81DDED9D-158B-E303-5F62-77A2896D2A5A}.Debug|x64.ActiveCfg = Debug|Any CPU
		{81DDED9D-158B-E303-5F62-77A2896D2A5A}.Debug|x64.Build.0 = Debug|Any CPU
		{81DDED9D-158B-E303-5F62-77A2896D2A5A}.Debug|x86.ActiveCfg = Debug|Any CPU
		{81DDED9D-158B-E303-5F62-77A2896D2A5A}.Debug|x86.Build.0 = Debug|Any CPU
		{81DDED9D-158B-E303-5F62-77A2896D2A5A}.Release|Any CPU.ActiveCfg = Release|Any CPU
		{81DDED9D-158B-E303-5F62-77A2896D2A5A}.Release|Any CPU.Build.0 = Release|Any CPU
		{81DDED9D-158B-E303-5F62-77A2896D2A5A}.Release|x64.ActiveCfg = Release|Any CPU
		{81DDED9D-158B-E303-5F62-77A2896D2A5A}.Release|x64.Build.0 = Release|Any CPU
		{81DDED9D-158B-E303-5F62-77A2896D2A5A}.Release|x86.ActiveCfg = Release|Any CPU
		{81DDED9D-158B-E303-5F62-77A2896D2A5A}.Release|x86.Build.0 = Release|Any CPU
		{F9EA1CC0-7438-40CB-A4D0-B048DF32D097}.Debug|Any CPU.ActiveCfg = Debug|Any CPU
		{F9EA1CC0-7438-40CB-A4D0-B048DF32D097}.Debug|Any CPU.Build.0 = Debug|Any CPU
		{F9EA1CC0-7438-40CB-A4D0-B048DF32D097}.Debug|x64.ActiveCfg = Debug|Any CPU
		{F9EA1CC0-7438-40CB-A4D0-B048DF32D097}.Debug|x64.Build.0 = Debug|Any CPU
		{F9EA1CC0-7438-40CB-A4D0-B048DF32D097}.Debug|x86.ActiveCfg = Debug|Any CPU
		{F9EA1CC0-7438-40CB-A4D0-B048DF32D097}.Debug|x86.Build.0 = Debug|Any CPU
		{F9EA1CC0-7438-40CB-A4D0-B048DF32D097}.Release|Any CPU.ActiveCfg = Release|Any CPU
		{F9EA1CC0-7438-40CB-A4D0-B048DF32D097}.Release|Any CPU.Build.0 = Release|Any CPU
		{F9EA1CC0-7438-40CB-A4D0-B048DF32D097}.Release|x64.ActiveCfg = Release|Any CPU
		{F9EA1CC0-7438-40CB-A4D0-B048DF32D097}.Release|x64.Build.0 = Release|Any CPU
		{F9EA1CC0-7438-40CB-A4D0-B048DF32D097}.Release|x86.ActiveCfg = Release|Any CPU
		{F9EA1CC0-7438-40CB-A4D0-B048DF32D097}.Release|x86.Build.0 = Release|Any CPU
		{886BF3DB-855B-497E-A6FC-A8E86CE0F855}.Debug|Any CPU.ActiveCfg = Debug|Any CPU
		{886BF3DB-855B-497E-A6FC-A8E86CE0F855}.Debug|Any CPU.Build.0 = Debug|Any CPU
		{886BF3DB-855B-497E-A6FC-A8E86CE0F855}.Debug|x64.ActiveCfg = Debug|Any CPU
		{886BF3DB-855B-497E-A6FC-A8E86CE0F855}.Debug|x64.Build.0 = Debug|Any CPU
		{886BF3DB-855B-497E-A6FC-A8E86CE0F855}.Debug|x86.ActiveCfg = Debug|Any CPU
		{886BF3DB-855B-497E-A6FC-A8E86CE0F855}.Debug|x86.Build.0 = Debug|Any CPU
		{886BF3DB-855B-497E-A6FC-A8E86CE0F855}.Release|Any CPU.ActiveCfg = Release|Any CPU
		{886BF3DB-855B-497E-A6FC-A8E86CE0F855}.Release|Any CPU.Build.0 = Release|Any CPU
		{886BF3DB-855B-497E-A6FC-A8E86CE0F855}.Release|x64.ActiveCfg = Release|Any CPU
		{886BF3DB-855B-497E-A6FC-A8E86CE0F855}.Release|x64.Build.0 = Release|Any CPU
		{886BF3DB-855B-497E-A6FC-A8E86CE0F855}.Release|x86.ActiveCfg = Release|Any CPU
		{886BF3DB-855B-497E-A6FC-A8E86CE0F855}.Release|x86.Build.0 = Release|Any CPU
		{63E9EB5B-F177-70CF-B2C7-40E4D07D1FDD}.Debug|Any CPU.ActiveCfg = Debug|Any CPU
		{63E9EB5B-F177-70CF-B2C7-40E4D07D1FDD}.Debug|Any CPU.Build.0 = Debug|Any CPU
		{63E9EB5B-F177-70CF-B2C7-40E4D07D1FDD}.Debug|x64.ActiveCfg = Debug|Any CPU
		{63E9EB5B-F177-70CF-B2C7-40E4D07D1FDD}.Debug|x64.Build.0 = Debug|Any CPU
		{63E9EB5B-F177-70CF-B2C7-40E4D07D1FDD}.Debug|x86.ActiveCfg = Debug|Any CPU
		{63E9EB5B-F177-70CF-B2C7-40E4D07D1FDD}.Debug|x86.Build.0 = Debug|Any CPU
		{63E9EB5B-F177-70CF-B2C7-40E4D07D1FDD}.Release|Any CPU.ActiveCfg = Release|Any CPU
		{63E9EB5B-F177-70CF-B2C7-40E4D07D1FDD}.Release|Any CPU.Build.0 = Release|Any CPU
		{63E9EB5B-F177-70CF-B2C7-40E4D07D1FDD}.Release|x64.ActiveCfg = Release|Any CPU
		{63E9EB5B-F177-70CF-B2C7-40E4D07D1FDD}.Release|x64.Build.0 = Release|Any CPU
		{63E9EB5B-F177-70CF-B2C7-40E4D07D1FDD}.Release|x86.ActiveCfg = Release|Any CPU
		{63E9EB5B-F177-70CF-B2C7-40E4D07D1FDD}.Release|x86.Build.0 = Release|Any CPU
		{1FA4C7E4-B4AC-8235-A7E6-D6DDFA37CF94}.Debug|Any CPU.ActiveCfg = Debug|Any CPU
		{1FA4C7E4-B4AC-8235-A7E6-D6DDFA37CF94}.Debug|Any CPU.Build.0 = Debug|Any CPU
		{1FA4C7E4-B4AC-8235-A7E6-D6DDFA37CF94}.Debug|x64.ActiveCfg = Debug|Any CPU
		{1FA4C7E4-B4AC-8235-A7E6-D6DDFA37CF94}.Debug|x64.Build.0 = Debug|Any CPU
		{1FA4C7E4-B4AC-8235-A7E6-D6DDFA37CF94}.Debug|x86.ActiveCfg = Debug|Any CPU
		{1FA4C7E4-B4AC-8235-A7E6-D6DDFA37CF94}.Debug|x86.Build.0 = Debug|Any CPU
		{1FA4C7E4-B4AC-8235-A7E6-D6DDFA37CF94}.Release|Any CPU.ActiveCfg = Release|Any CPU
		{1FA4C7E4-B4AC-8235-A7E6-D6DDFA37CF94}.Release|Any CPU.Build.0 = Release|Any CPU
		{1FA4C7E4-B4AC-8235-A7E6-D6DDFA37CF94}.Release|x64.ActiveCfg = Release|Any CPU
		{1FA4C7E4-B4AC-8235-A7E6-D6DDFA37CF94}.Release|x64.Build.0 = Release|Any CPU
		{1FA4C7E4-B4AC-8235-A7E6-D6DDFA37CF94}.Release|x86.ActiveCfg = Release|Any CPU
		{1FA4C7E4-B4AC-8235-A7E6-D6DDFA37CF94}.Release|x86.Build.0 = Release|Any CPU
	EndGlobalSection
	GlobalSection(SolutionProperties) = preSolution
		HideSolutionNode = FALSE
	EndGlobalSection
	GlobalSection(NestedProjects) = preSolution
		{90298CBA-BD6F-3A0A-69D5-97CAD7B05E7E} = {827E0CD3-B72D-47B6-A68D-7590B98EB39B}
		{0CB2C095-9386-49D1-9AB4-BF39F0A73C6B} = {90298CBA-BD6F-3A0A-69D5-97CAD7B05E7E}
		{984BB9B3-3FA3-BE33-9484-CAC21695A33C} = {827E0CD3-B72D-47B6-A68D-7590B98EB39B}
		{D4D2386B-2EB3-B123-B9A2-A224B8047731} = {984BB9B3-3FA3-BE33-9484-CAC21695A33C}
		{53A5E032-9A5F-5C5F-4C24-3FD98F4CF9B3} = {984BB9B3-3FA3-BE33-9484-CAC21695A33C}
		{FB405307-629A-42B4-B53B-170A5D68CF7C} = {53A5E032-9A5F-5C5F-4C24-3FD98F4CF9B3}
		{805560DA-F5D9-445A-95B9-49B5F96A0B80} = {53A5E032-9A5F-5C5F-4C24-3FD98F4CF9B3}
		{62C20494-F864-4B7C-BC20-E421113993E6} = {53A5E032-9A5F-5C5F-4C24-3FD98F4CF9B3}
		{83FFE535-B225-402B-B854-79050A2F6623} = {53A5E032-9A5F-5C5F-4C24-3FD98F4CF9B3}
		{DBBA5388-65C6-43AC-A12C-29CB128BB8E1} = {0AB3BF05-4346-4AA6-1389-037BE0695223}
		{96075C5E-E919-76D8-54BC-081064D0E403} = {D4D2386B-2EB3-B123-B9A2-A224B8047731}
		{1337AC62-7115-32D0-BFB5-F63AD1A6E2FD} = {D4D2386B-2EB3-B123-B9A2-A224B8047731}
		{2E8806C6-384A-0D7E-E138-74A2433BE49B} = {D4D2386B-2EB3-B123-B9A2-A224B8047731}
		{38AF1F19-588A-5088-FF36-4E554FF50A71} = {D4D2386B-2EB3-B123-B9A2-A224B8047731}
		{45C8AE02-610E-49E3-9F73-9BFFC6BBB74D} = {0AB3BF05-4346-4AA6-1389-037BE0695223}
		{1BFC9479-12BF-35C3-06B8-42D89D95092B} = {984BB9B3-3FA3-BE33-9484-CAC21695A33C}
		{FCA01246-F2C6-0AA7-D43F-FD13BE0B9D88} = {827E0CD3-B72D-47B6-A68D-7590B98EB39B}
		{48494508-2851-469B-8899-37091362DF38} = {FCA01246-F2C6-0AA7-D43F-FD13BE0B9D88}
		{40B59F69-022F-A9EE-E3B7-096C1E81294B} = {984BB9B3-3FA3-BE33-9484-CAC21695A33C}
		{BC6E4268-33F5-4F65-AF4A-7AB043A8C310} = {40B59F69-022F-A9EE-E3B7-096C1E81294B}
		{CA15E31E-CB60-F235-5CDF-2E527A86A72C} = {984BB9B3-3FA3-BE33-9484-CAC21695A33C}
		{F9EA1CC0-7438-40CB-A4D0-B048DF32D097} = {CA15E31E-CB60-F235-5CDF-2E527A86A72C}
		{5D0AC027-C8EE-3244-A029-36278C99F1B8} = {984BB9B3-3FA3-BE33-9484-CAC21695A33C}
		{886BF3DB-855B-497E-A6FC-A8E86CE0F855} = {5D0AC027-C8EE-3244-A029-36278C99F1B8}
		{63E9EB5B-F177-70CF-B2C7-40E4D07D1FDD} = {90298CBA-BD6F-3A0A-69D5-97CAD7B05E7E}
		{1FA4C7E4-B4AC-8235-A7E6-D6DDFA37CF94} = {1BFC9479-12BF-35C3-06B8-42D89D95092B}
	EndGlobalSection
	GlobalSection(ExtensibilityGlobals) = postSolution
		SolutionGuid = {1A1B26C0-214E-4487-9D08-B0C948C0310F}
	EndGlobalSection
EndGlobal
